
Microsoft Visual Studio Solution File, Format Version 12.00
# Visual Studio Version 17
VisualStudioVersion = 17.14.36203.30 d17.14
MinimumVisualStudioVersion = 10.0.40219.1
Project("{FAE04EC0-301F-11D3-BF4B-00C04F79EFBC}") = "Fiap.Api.ControleCarbono", "Fiap.Api.ControleCarbono.csproj", "{6AAB2DB9-0FB5-4720-9918-FCBAA497CF22}"
EndProject
Global
	GlobalSection(SolutionConfigurationPlatforms) = preSolution
		Debug|Any CPU = Debug|Any CPU
		Release|Any CPU = Release|Any CPU
	EndGlobalSection
	GlobalSection(ProjectConfigurationPlatforms) = postSolution
		{6AAB2DB9-0FB5-4720-9918-FCBAA497CF22}.Debug|Any CPU.ActiveCfg = Debug|Any CPU
		{6AAB2DB9-0FB5-4720-9918-FCBAA497CF22}.Debug|Any CPU.Build.0 = Debug|Any CPU
		{6AAB2DB9-0FB5-4720-9918-FCBAA497CF22}.Release|Any CPU.ActiveCfg = Release|Any CPU
		{6AAB2DB9-0FB5-4720-9918-FCBAA497CF22}.Release|Any CPU.Build.0 = Release|Any CPU
	EndGlobalSection
	GlobalSection(SolutionProperties) = preSolution
		HideSolutionNode = FALSE
	EndGlobalSection
	GlobalSection(ExtensibilityGlobals) = postSolution
		SolutionGuid = {5578DC28-CC42-413B-9A6C-5728B857E2B4}
	EndGlobalSection
EndGlobal
